
Microsoft Visual Studio Solution File, Format Version 12.00
# Visual Studio Version 16
VisualStudioVersion = 16.0.32413.511
MinimumVisualStudioVersion = 10.0.40219.1
Project("{FAE04EC0-301F-11D3-BF4B-00C04F79EFBC}") = "ChatServer", "ChatServer\ChatServer.csproj", "{64F17C7F-6C22-4E4A-A1A4-1A630A591192}"
EndProject
Project("{FAE04EC0-301F-11D3-BF4B-00C04F79EFBC}") = "ChatClient", "ChatClient\ChatClient.csproj", "{18AF0301-D5E1-46B4-B6C3-BAD669173ED4}"
EndProject
Project("{9A19103F-16F7-4668-BE54-9A1E7A4F7556}") = "ChatClientWinForm", "ChatClientWinForm\ChatClientWinForm.csproj", "{C29B3E2B-390F-43F3-AE01-44F152EF739B}"
EndProject
Project("{FAE04EC0-301F-11D3-BF4B-00C04F79EFBC}") = "ChatServerWinForm", "ChatServerWinForm\ChatServerWinForm.csproj", "{44EB3AEB-A938-41D1-BE50-2938ED3C0AB8}"
EndProject
Global
	GlobalSection(SolutionConfigurationPlatforms) = preSolution
		Debug|Any CPU = Debug|Any CPU
		Release|Any CPU = Release|Any CPU
	EndGlobalSection
	GlobalSection(ProjectConfigurationPlatforms) = postSolution
		{64F17C7F-6C22-4E4A-A1A4-1A630A591192}.Debug|Any CPU.ActiveCfg = Debug|Any CPU
		{64F17C7F-6C22-4E4A-A1A4-1A630A591192}.Debug|Any CPU.Build.0 = Debug|Any CPU
		{64F17C7F-6C22-4E4A-A1A4-1A630A591192}.Release|Any CPU.ActiveCfg = Release|Any CPU
		{64F17C7F-6C22-4E4A-A1A4-1A630A591192}.Release|Any CPU.Build.0 = Release|Any CPU
		{18AF0301-D5E1-46B4-B6C3-BAD669173ED4}.Debug|Any CPU.ActiveCfg = Debug|Any CPU
		{18AF0301-D5E1-46B4-B6C3-BAD669173ED4}.Debug|Any CPU.Build.0 = Debug|Any CPU
		{18AF0301-D5E1-46B4-B6C3-BAD669173ED4}.Release|Any CPU.ActiveCfg = Release|Any CPU
		{18AF0301-D5E1-46B4-B6C3-BAD669173ED4}.Release|Any CPU.Build.0 = Release|Any CPU
		{C29B3E2B-390F-43F3-AE01-44F152EF739B}.Debug|Any CPU.ActiveCfg = Debug|Any CPU
		{C29B3E2B-390F-43F3-AE01-44F152EF739B}.Debug|Any CPU.Build.0 = Debug|Any CPU
		{C29B3E2B-390F-43F3-AE01-44F152EF739B}.Release|Any CPU.ActiveCfg = Release|Any CPU
		{C29B3E2B-390F-43F3-AE01-44F152EF739B}.Release|Any CPU.Build.0 = Release|Any CPU
		{44EB3AEB-A938-41D1-BE50-2938ED3C0AB8}.Debug|Any CPU.ActiveCfg = Debug|Any CPU
		{44EB3AEB-A938-41D1-BE50-2938ED3C0AB8}.Debug|Any CPU.Build.0 = Debug|Any CPU
		{44EB3AEB-A938-41D1-BE50-2938ED3C0AB8}.Release|Any CPU.ActiveCfg = Release|Any CPU
		{44EB3AEB-A938-41D1-BE50-2938ED3C0AB8}.Release|Any CPU.Build.0 = Release|Any CPU
	EndGlobalSection
	GlobalSection(SolutionProperties) = preSolution
		HideSolutionNode = FALSE
	EndGlobalSection
	GlobalSection(ExtensibilityGlobals) = postSolution
		SolutionGuid = {D5F8B562-A9C7-4294-8ECE-92256828A3FE}
	EndGlobalSection
EndGlobal
